
Microsoft Visual Studio Solution File, Format Version 12.00
# Visual Studio Version 17
VisualStudioVersion = 17.10.35122.118
MinimumVisualStudioVersion = 10.0.40219.1
Project("{9A19103F-16F7-4668-BE54-9A1E7A4F7556}") = "BookStore", "BookStore\BookStore.csproj", "{31845146-C259-4316-A7A1-FD7BB1DD1869}"
EndProject
Project("{9A19103F-16F7-4668-BE54-9A1E7A4F7556}") = "BookStore.Tests", "BookStore.Tests\BookStore.Tests.csproj", "{52C4AF3E-FF9B-4C3B-9DA4-068AC19B3654}"
EndProject
Project("{9A19103F-16F7-4668-BE54-9A1E7A4F7556}") = "BookStoreLambda", "BookStoreLambda\BookStoreLambda.csproj", "{559CF56A-8CC6-4648-8BAF-84F2212AD06D}"
EndProject
Global
	GlobalSection(SolutionConfigurationPlatforms) = preSolution
		Debug|Any CPU = Debug|Any CPU
		Release|Any CPU = Release|Any CPU
	EndGlobalSection
	GlobalSection(ProjectConfigurationPlatforms) = postSolution
		{31845146-C259-4316-A7A1-FD7BB1DD1869}.Debug|Any CPU.ActiveCfg = Debug|Any CPU
		{31845146-C259-4316-A7A1-FD7BB1DD1869}.Debug|Any CPU.Build.0 = Debug|Any CPU
		{31845146-C259-4316-A7A1-FD7BB1DD1869}.Release|Any CPU.ActiveCfg = Release|Any CPU
		{31845146-C259-4316-A7A1-FD7BB1DD1869}.Release|Any CPU.Build.0 = Release|Any CPU
		{52C4AF3E-FF9B-4C3B-9DA4-068AC19B3654}.Debug|Any CPU.ActiveCfg = Debug|Any CPU
		{52C4AF3E-FF9B-4C3B-9DA4-068AC19B3654}.Debug|Any CPU.Build.0 = Debug|Any CPU
		{52C4AF3E-FF9B-4C3B-9DA4-068AC19B3654}.Release|Any CPU.ActiveCfg = Release|Any CPU
		{52C4AF3E-FF9B-4C3B-9DA4-068AC19B3654}.Release|Any CPU.Build.0 = Release|Any CPU
		{559CF56A-8CC6-4648-8BAF-84F2212AD06D}.Debug|Any CPU.ActiveCfg = Debug|Any CPU
		{559CF56A-8CC6-4648-8BAF-84F2212AD06D}.Debug|Any CPU.Build.0 = Debug|Any CPU
		{559CF56A-8CC6-4648-8BAF-84F2212AD06D}.Release|Any CPU.ActiveCfg = Release|Any CPU
		{559CF56A-8CC6-4648-8BAF-84F2212AD06D}.Release|Any CPU.Build.0 = Release|Any CPU
	EndGlobalSection
	GlobalSection(SolutionProperties) = preSolution
		HideSolutionNode = FALSE
	EndGlobalSection
	GlobalSection(ExtensibilityGlobals) = postSolution
		SolutionGuid = {73784AC4-5C90-47A6-A31A-C5E7C69C6450}
	EndGlobalSection
EndGlobal
